
Microsoft Visual Studio Solution File, Format Version 12.00
# Visual Studio 15
VisualStudioVersion = 15.0.28306.52
MinimumVisualStudioVersion = 10.0.40219.1
Project("{FAE04EC0-301F-11D3-BF4B-00C04F79EFBC}") = "JukeBoxSystem", "JukeBoxSystem\JukeBoxSystem.csproj", "{3E4891DE-9EA7-4C75-8F45-76116FD97026}"
EndProject
Project("{FAE04EC0-301F-11D3-BF4B-00C04F79EFBC}") = "UserRegister.Entities", "UserRegister.Entities\UserRegister.Entities.csproj", "{008839E3-8764-4193-BD7E-94B0BCF2F6B7}"
EndProject
Global
	GlobalSection(SolutionConfigurationPlatforms) = preSolution
		Debug|Any CPU = Debug|Any CPU
		Release|Any CPU = Release|Any CPU
	EndGlobalSection
	GlobalSection(ProjectConfigurationPlatforms) = postSolution
		{3E4891DE-9EA7-4C75-8F45-76116FD97026}.Debug|Any CPU.ActiveCfg = Debug|Any CPU
		{3E4891DE-9EA7-4C75-8F45-76116FD97026}.Debug|Any CPU.Build.0 = Debug|Any CPU
		{3E4891DE-9EA7-4C75-8F45-76116FD97026}.Release|Any CPU.ActiveCfg = Release|Any CPU
		{3E4891DE-9EA7-4C75-8F45-76116FD97026}.Release|Any CPU.Build.0 = Release|Any CPU
		{008839E3-8764-4193-BD7E-94B0BCF2F6B7}.Debug|Any CPU.ActiveCfg = Debug|Any CPU
		{008839E3-8764-4193-BD7E-94B0BCF2F6B7}.Debug|Any CPU.Build.0 = Debug|Any CPU
		{008839E3-8764-4193-BD7E-94B0BCF2F6B7}.Release|Any CPU.ActiveCfg = Release|Any CPU
		{008839E3-8764-4193-BD7E-94B0BCF2F6B7}.Release|Any CPU.Build.0 = Release|Any CPU
	EndGlobalSection
	GlobalSection(SolutionProperties) = preSolution
		HideSolutionNode = FALSE
	EndGlobalSection
	GlobalSection(ExtensibilityGlobals) = postSolution
		SolutionGuid = {B943AC7A-63F5-40FC-83F9-DF0416E8DF01}
	EndGlobalSection
EndGlobal
